Microsoft Visual Studio Solution File, Format Version 12.00
# Visual Studio Version 17
VisualStudioVersion = 17.5.2.0
MinimumVisualStudioVersion = 10.0.40219.1
Project("{FAE04EC0-301F-11D3-BF4B-00C04F79EFBC}") = "SDKExamples", "SDKExamples.csproj", "{CCAEEB1D-B10E-81FB-3EB5-5F9FC85FC5EB}"
EndProject
Global
	GlobalSection(SolutionConfigurationPlatforms) = preSolution
		Debug|Any CPU = Debug|Any CPU
		Release|Any CPU = Release|Any CPU
	EndGlobalSection
	GlobalSection(ProjectConfigurationPlatforms) = postSolution
		{CCAEEB1D-B10E-81FB-3EB5-5F9FC85FC5EB}.Debug|Any CPU.ActiveCfg = Debug|Any CPU
		{CCAEEB1D-B10E-81FB-3EB5-5F9FC85FC5EB}.Debug|Any CPU.Build.0 = Debug|Any CPU
		{CCAEEB1D-B10E-81FB-3EB5-5F9FC85FC5EB}.Release|Any CPU.ActiveCfg = Release|Any CPU
		{CCAEEB1D-B10E-81FB-3EB5-5F9FC85FC5EB}.Release|Any CPU.Build.0 = Release|Any CPU
	EndGlobalSection
	GlobalSection(SolutionProperties) = preSolution
		HideSolutionNode = FALSE
	EndGlobalSection
	GlobalSection(ExtensibilityGlobals) = postSolution
		SolutionGuid = {1DE86A34-F28F-46F2-94F0-A98C179096F0}
	EndGlobalSection
EndGlobal
